
Microsoft Visual Studio Solution File, Format Version 10.00
# Visual Studio 2008
Project("{FAE04EC0-301F-11D3-BF4B-00C04F79EFBC}") = "Lib03", "Lib03\Lib03.csproj", "{DB4A43CC-3E84-4F04-A1C3-C2F90ACE031E}"
EndProject
Global
	GlobalSection(SolutionConfigurationPlatforms) = preSolution
		Debug|Any CPU = Debug|Any CPU
		Release|Any CPU = Release|Any CPU
	EndGlobalSection
	GlobalSection(ProjectConfigurationPlatforms) = postSolution
		{DB4A43CC-3E84-4F04-A1C3-C2F90ACE031E}.Debug|Any CPU.ActiveCfg = Debug|Any CPU
		{DB4A43CC-3E84-4F04-A1C3-C2F90ACE031E}.Debug|Any CPU.Build.0 = Debug|Any CPU
		{DB4A43CC-3E84-4F04-A1C3-C2F90ACE031E}.Release|Any CPU.ActiveCfg = Release|Any CPU
		{DB4A43CC-3E84-4F04-A1C3-C2F90ACE031E}.Release|Any CPU.Build.0 = Release|Any CPU
	EndGlobalSection
	GlobalSection(SolutionProperties) = preSolution
		HideSolutionNode = FALSE
	EndGlobalSection
EndGlobal
